
Microsoft Visual Studio Solution File, Format Version 12.00
# Visual Studio Version 16
VisualStudioVersion = 16.0.29806.167
MinimumVisualStudioVersion = 10.0.40219.1
Project("{FAE04EC0-301F-11D3-BF4B-00C04F79EFBC}") = "TodoApp", "TodoApp.csproj", "{2EAE25ED-420F-4E2F-AD63-FDAA219148E1}"
EndProject
Global
	GlobalSection(SolutionConfigurationPlatforms) = preSolution
		Debug|Any CPU = Debug|Any CPU
		Release|Any CPU = Release|Any CPU
	EndGlobalSection
	GlobalSection(ProjectConfigurationPlatforms) = postSolution
		{2EAE25ED-420F-4E2F-AD63-FDAA219148E1}.Debug|Any CPU.ActiveCfg = Debug|Any CPU
		{2EAE25ED-420F-4E2F-AD63-FDAA219148E1}.Debug|Any CPU.Build.0 = Debug|Any CPU
		{2EAE25ED-420F-4E2F-AD63-FDAA219148E1}.Release|Any CPU.ActiveCfg = Release|Any CPU
		{2EAE25ED-420F-4E2F-AD63-FDAA219148E1}.Release|Any CPU.Build.0 = Release|Any CPU
	EndGlobalSection
	GlobalSection(SolutionProperties) = preSolution
		HideSolutionNode = FALSE
	EndGlobalSection
	GlobalSection(ExtensibilityGlobals) = postSolution
		SolutionGuid = {13DF4AB6-8054-44C7-BE14-2B9FCCE7B07A}
	EndGlobalSection
EndGlobal
